
Microsoft Visual Studio Solution File, Format Version 12.00
# Visual Studio Version 17
VisualStudioVersion = 17.9.34902.65
MinimumVisualStudioVersion = 10.0.40219.1
Project("{9A19103F-16F7-4668-BE54-9A1E7A4F7556}") = "PaymentGateway", "PaymentGateway\PaymentGateway.csproj", "{9CEB6BC2-D073-4BC3-BE63-E545CA9D76C8}"
EndProject
Project("{FAE04EC0-301F-11D3-BF4B-00C04F79EFBC}") = "Domain", "Domain\Domain.csproj", "{D9A5BFA2-4846-42E9-92B2-FA23D530256F}"
EndProject
Project("{FAE04EC0-301F-11D3-BF4B-00C04F79EFBC}") = "Infrastructure", "Infrastructure\Infrastructure.csproj", "{5C300A56-03C7-4E82-9609-C9533CD5D0A8}"
EndProject
Project("{FAE04EC0-301F-11D3-BF4B-00C04F79EFBC}") = "Application", "Application\Application.csproj", "{44EEF379-9E44-49B2-B676-E55CE3F05B34}"
EndProject
Global
	GlobalSection(SolutionConfigurationPlatforms) = preSolution
		Debug|Any CPU = Debug|Any CPU
		Release|Any CPU = Release|Any CPU
	EndGlobalSection
	GlobalSection(ProjectConfigurationPlatforms) = postSolution
		{9CEB6BC2-D073-4BC3-BE63-E545CA9D76C8}.Debug|Any CPU.ActiveCfg = Debug|Any CPU
		{9CEB6BC2-D073-4BC3-BE63-E545CA9D76C8}.Debug|Any CPU.Build.0 = Debug|Any CPU
		{9CEB6BC2-D073-4BC3-BE63-E545CA9D76C8}.Release|Any CPU.ActiveCfg = Release|Any CPU
		{9CEB6BC2-D073-4BC3-BE63-E545CA9D76C8}.Release|Any CPU.Build.0 = Release|Any CPU
		{D9A5BFA2-4846-42E9-92B2-FA23D530256F}.Debug|Any CPU.ActiveCfg = Debug|Any CPU
		{D9A5BFA2-4846-42E9-92B2-FA23D530256F}.Debug|Any CPU.Build.0 = Debug|Any CPU
		{D9A5BFA2-4846-42E9-92B2-FA23D530256F}.Release|Any CPU.ActiveCfg = Release|Any CPU
		{D9A5BFA2-4846-42E9-92B2-FA23D530256F}.Release|Any CPU.Build.0 = Release|Any CPU
		{5C300A56-03C7-4E82-9609-C9533CD5D0A8}.Debug|Any CPU.ActiveCfg = Debug|Any CPU
		{5C300A56-03C7-4E82-9609-C9533CD5D0A8}.Debug|Any CPU.Build.0 = Debug|Any CPU
		{5C300A56-03C7-4E82-9609-C9533CD5D0A8}.Release|Any CPU.ActiveCfg = Release|Any CPU
		{5C300A56-03C7-4E82-9609-C9533CD5D0A8}.Release|Any CPU.Build.0 = Release|Any CPU
		{44EEF379-9E44-49B2-B676-E55CE3F05B34}.Debug|Any CPU.ActiveCfg = Debug|Any CPU
		{44EEF379-9E44-49B2-B676-E55CE3F05B34}.Debug|Any CPU.Build.0 = Debug|Any CPU
		{44EEF379-9E44-49B2-B676-E55CE3F05B34}.Release|Any CPU.ActiveCfg = Release|Any CPU
		{44EEF379-9E44-49B2-B676-E55CE3F05B34}.Release|Any CPU.Build.0 = Release|Any CPU
	EndGlobalSection
	GlobalSection(SolutionProperties) = preSolution
		HideSolutionNode = FALSE
	EndGlobalSection
	GlobalSection(ExtensibilityGlobals) = postSolution
		SolutionGuid = {8CAA9DFD-0D45-49F6-BCC2-C002B64154CA}
	EndGlobalSection
EndGlobal
